
Microsoft Visual Studio Solution File, Format Version 12.00
# Visual Studio Version 17
VisualStudioVersion = 17.4.33213.308
MinimumVisualStudioVersion = 10.0.40219.1
Project("{9A19103F-16F7-4668-BE54-9A1E7A4F7556}") = "JS.Abp.CacheManagement.Application.Contracts", "src\JS.Abp.CacheManagement.Application.Contracts\JS.Abp.CacheManagement.Application.Contracts.csproj", "{BD65D04F-08D5-40C1-8C24-77CA0BACB877}"
EndProject
Project("{9A19103F-16F7-4668-BE54-9A1E7A4F7556}") = "JS.Abp.CacheManagement.Application", "src\JS.Abp.CacheManagement.Application\JS.Abp.CacheManagement.Application.csproj", "{78040F9E-3501-4A40-82DF-00A597710F35}"
EndProject
Project("{2150E333-8FDC-42A3-9474-1A3956D46DE8}") = "src", "src", "{649A3FFA-182F-4E56-9717-E6A9A2BEC545}"
EndProject
Project("{2150E333-8FDC-42A3-9474-1A3956D46DE8}") = "test", "test", "{CCD2960C-23CC-4AB4-B84D-60C7AAA52F4D}"
EndProject
Project("{2150E333-8FDC-42A3-9474-1A3956D46DE8}") = "host", "host", "{E400416D-2895-4512-9D17-90681EEC7E0A}"
EndProject
Project("{9A19103F-16F7-4668-BE54-9A1E7A4F7556}") = "JS.Abp.CacheManagement.HttpApi", "src\JS.Abp.CacheManagement.HttpApi\JS.Abp.CacheManagement.HttpApi.csproj", "{077AA5F8-8B61-420C-A6B5-0150A66FDB34}"
EndProject
Project("{9A19103F-16F7-4668-BE54-9A1E7A4F7556}") = "JS.Abp.CacheManagement.HttpApi.Client", "src\JS.Abp.CacheManagement.HttpApi.Client\JS.Abp.CacheManagement.HttpApi.Client.csproj", "{36E2735F-CEAB-44C8-A6D1-2CDAFF399751}"
EndProject
Project("{9A19103F-16F7-4668-BE54-9A1E7A4F7556}") = "JS.Abp.CacheManagement.HttpApi.Host", "host\JS.Abp.CacheManagement.HttpApi.Host\JS.Abp.CacheManagement.HttpApi.Host.csproj", "{37B135B0-DAFE-4616-B25C-1BDF32FC44A2}"
EndProject
Project("{9A19103F-16F7-4668-BE54-9A1E7A4F7556}") = "JS.Abp.CacheManagement.Web", "src\JS.Abp.CacheManagement.Web\JS.Abp.CacheManagement.Web.csproj", "{3B7B6317-1B85-4164-8E11-75574F80AE17}"
EndProject
Project("{9A19103F-16F7-4668-BE54-9A1E7A4F7556}") = "JS.Abp.CacheManagement.Web.Host", "host\JS.Abp.CacheManagement.Web.Host\JS.Abp.CacheManagement.Web.Host.csproj", "{73513786-B6C6-4A21-89C5-0FBDD0A46107}"
EndProject
Project("{9A19103F-16F7-4668-BE54-9A1E7A4F7556}") = "JS.Abp.CacheManagement.AuthServer", "host\JS.Abp.CacheManagement.AuthServer\JS.Abp.CacheManagement.AuthServer.csproj", "{690203F4-3CD5-4569-88D9-EE831EEA5F5F}"
EndProject
Project("{9A19103F-16F7-4668-BE54-9A1E7A4F7556}") = "JS.Abp.CacheManagement.Host.Shared", "host\JS.Abp.CacheManagement.Host.Shared\JS.Abp.CacheManagement.Host.Shared.csproj", "{F6AC8D4A-EDD7-4514-8E8A-5BCB019864DB}"
EndProject
Project("{9A19103F-16F7-4668-BE54-9A1E7A4F7556}") = "JS.Abp.CacheManagement.Web.Unified", "host\JS.Abp.CacheManagement.Web.Unified\JS.Abp.CacheManagement.Web.Unified.csproj", "{3D872C41-E226-45C8-89C1-9D3DBD7C73F2}"
EndProject
Project("{9A19103F-16F7-4668-BE54-9A1E7A4F7556}") = "JS.Abp.CacheManagement.Blazor", "src\JS.Abp.CacheManagement.Blazor\JS.Abp.CacheManagement.Blazor.csproj", "{827FCC18-A22B-4175-82CD-1233F6DEE8FB}"
EndProject
Project("{9A19103F-16F7-4668-BE54-9A1E7A4F7556}") = "JS.Abp.CacheManagement.Blazor.Host", "host\JS.Abp.CacheManagement.Blazor.Host\JS.Abp.CacheManagement.Blazor.Host.csproj", "{D7E0F672-F5E2-4338-AFF4-4E5091C55A62}"
EndProject
Project("{9A19103F-16F7-4668-BE54-9A1E7A4F7556}") = "JS.Abp.CacheManagement.Blazor.Server", "src\JS.Abp.CacheManagement.Blazor.Server\JS.Abp.CacheManagement.Blazor.Server.csproj", "{299BE52E-823F-408E-9C6D-7E2F81BA34FF}"
EndProject
Project("{9A19103F-16F7-4668-BE54-9A1E7A4F7556}") = "JS.Abp.CacheManagement.Blazor.WebAssembly", "src\JS.Abp.CacheManagement.Blazor.WebAssembly\JS.Abp.CacheManagement.Blazor.WebAssembly.csproj", "{F0EE5760-262D-456A-AA7C-E84F484A05F6}"
EndProject
Project("{9A19103F-16F7-4668-BE54-9A1E7A4F7556}") = "JS.Abp.CacheManagement.Blazor.Server.Host", "host\JS.Abp.CacheManagement.Blazor.Server.Host\JS.Abp.CacheManagement.Blazor.Server.Host.csproj", "{FEA752A1-5B4E-49E9-B1F3-DDC25E41BB52}"
EndProject
Project("{FAE04EC0-301F-11D3-BF4B-00C04F79EFBC}") = "JS.Abp.CacheManagement.TestBase", "test\JS.Abp.CacheManagement.TestBase\JS.Abp.CacheManagement.TestBase.csproj", "{48D11AAB-AD26-46F9-BD34-0EE64B8F2FDB}"
EndProject
Project("{FAE04EC0-301F-11D3-BF4B-00C04F79EFBC}") = "JS.Abp.CacheManagement.HttpApi.Client.ConsoleTestApp", "test\JS.Abp.CacheManagement.HttpApi.Client.ConsoleTestApp\JS.Abp.CacheManagement.HttpApi.Client.ConsoleTestApp.csproj", "{0572AF8C-727D-468A-8ECD-6CA53924CD29}"
EndProject
Project("{FAE04EC0-301F-11D3-BF4B-00C04F79EFBC}") = "JS.Abp.CacheManagement.Application.Tests", "test\JS.Abp.CacheManagement.Application.Tests\JS.Abp.CacheManagement.Application.Tests.csproj", "{AEEE63A0-AC82-46AE-AE2D-261FFCF1507E}"
EndProject
Project("{FAE04EC0-301F-11D3-BF4B-00C04F79EFBC}") = "JS.Abp.CacheManagement.Blazor.Host.Client", "host\JS.Abp.CacheManagement.Blazor.Host.Client\JS.Abp.CacheManagement.Blazor.Host.Client.csproj", "{23F1DA64-70C6-4C3C-AC5A-B5189160FAAC}"
EndProject
Global
	GlobalSection(SolutionConfigurationPlatforms) = preSolution
		Debug|Any CPU = Debug|Any CPU
		Release|Any CPU = Release|Any CPU
	EndGlobalSection
	GlobalSection(ProjectConfigurationPlatforms) = postSolution
		{BD65D04F-08D5-40C1-8C24-77CA0BACB877}.Debug|Any CPU.ActiveCfg = Debug|Any CPU
		{BD65D04F-08D5-40C1-8C24-77CA0BACB877}.Debug|Any CPU.Build.0 = Debug|Any CPU
		{BD65D04F-08D5-40C1-8C24-77CA0BACB877}.Release|Any CPU.ActiveCfg = Release|Any CPU
		{BD65D04F-08D5-40C1-8C24-77CA0BACB877}.Release|Any CPU.Build.0 = Release|Any CPU
		{78040F9E-3501-4A40-82DF-00A597710F35}.Debug|Any CPU.ActiveCfg = Debug|Any CPU
		{78040F9E-3501-4A40-82DF-00A597710F35}.Debug|Any CPU.Build.0 = Debug|Any CPU
		{78040F9E-3501-4A40-82DF-00A597710F35}.Release|Any CPU.ActiveCfg = Release|Any CPU
		{78040F9E-3501-4A40-82DF-00A597710F35}.Release|Any CPU.Build.0 = Release|Any CPU
		{077AA5F8-8B61-420C-A6B5-0150A66FDB34}.Debug|Any CPU.ActiveCfg = Debug|Any CPU
		{077AA5F8-8B61-420C-A6B5-0150A66FDB34}.Debug|Any CPU.Build.0 = Debug|Any CPU
		{077AA5F8-8B61-420C-A6B5-0150A66FDB34}.Release|Any CPU.ActiveCfg = Release|Any CPU
		{077AA5F8-8B61-420C-A6B5-0150A66FDB34}.Release|Any CPU.Build.0 = Release|Any CPU
		{36E2735F-CEAB-44C8-A6D1-2CDAFF399751}.Debug|Any CPU.ActiveCfg = Debug|Any CPU
		{36E2735F-CEAB-44C8-A6D1-2CDAFF399751}.Debug|Any CPU.Build.0 = Debug|Any CPU
		{36E2735F-CEAB-44C8-A6D1-2CDAFF399751}.Release|Any CPU.ActiveCfg = Release|Any CPU
		{36E2735F-CEAB-44C8-A6D1-2CDAFF399751}.Release|Any CPU.Build.0 = Release|Any CPU
		{37B135B0-DAFE-4616-B25C-1BDF32FC44A2}.Debug|Any CPU.ActiveCfg = Debug|Any CPU
		{37B135B0-DAFE-4616-B25C-1BDF32FC44A2}.Debug|Any CPU.Build.0 = Debug|Any CPU
		{37B135B0-DAFE-4616-B25C-1BDF32FC44A2}.Release|Any CPU.ActiveCfg = Release|Any CPU
		{37B135B0-DAFE-4616-B25C-1BDF32FC44A2}.Release|Any CPU.Build.0 = Release|Any CPU
		{3B7B6317-1B85-4164-8E11-75574F80AE17}.Debug|Any CPU.ActiveCfg = Debug|Any CPU
		{3B7B6317-1B85-4164-8E11-75574F80AE17}.Debug|Any CPU.Build.0 = Debug|Any CPU
		{3B7B6317-1B85-4164-8E11-75574F80AE17}.Release|Any CPU.ActiveCfg = Release|Any CPU
		{3B7B6317-1B85-4164-8E11-75574F80AE17}.Release|Any CPU.Build.0 = Release|Any CPU
		{73513786-B6C6-4A21-89C5-0FBDD0A46107}.Debug|Any CPU.ActiveCfg = Debug|Any CPU
		{73513786-B6C6-4A21-89C5-0FBDD0A46107}.Debug|Any CPU.Build.0 = Debug|Any CPU
		{73513786-B6C6-4A21-89C5-0FBDD0A46107}.Release|Any CPU.ActiveCfg = Release|Any CPU
		{73513786-B6C6-4A21-89C5-0FBDD0A46107}.Release|Any CPU.Build.0 = Release|Any CPU
		{690203F4-3CD5-4569-88D9-EE831EEA5F5F}.Debug|Any CPU.ActiveCfg = Debug|Any CPU
		{690203F4-3CD5-4569-88D9-EE831EEA5F5F}.Debug|Any CPU.Build.0 = Debug|Any CPU
		{690203F4-3CD5-4569-88D9-EE831EEA5F5F}.Release|Any CPU.ActiveCfg = Release|Any CPU
		{690203F4-3CD5-4569-88D9-EE831EEA5F5F}.Release|Any CPU.Build.0 = Release|Any CPU
		{F6AC8D4A-EDD7-4514-8E8A-5BCB019864DB}.Debug|Any CPU.ActiveCfg = Debug|Any CPU
		{F6AC8D4A-EDD7-4514-8E8A-5BCB019864DB}.Debug|Any CPU.Build.0 = Debug|Any CPU
		{F6AC8D4A-EDD7-4514-8E8A-5BCB019864DB}.Release|Any CPU.ActiveCfg = Release|Any CPU
		{F6AC8D4A-EDD7-4514-8E8A-5BCB019864DB}.Release|Any CPU.Build.0 = Release|Any CPU
		{3D872C41-E226-45C8-89C1-9D3DBD7C73F2}.Debug|Any CPU.ActiveCfg = Debug|Any CPU
		{3D872C41-E226-45C8-89C1-9D3DBD7C73F2}.Debug|Any CPU.Build.0 = Debug|Any CPU
		{3D872C41-E226-45C8-89C1-9D3DBD7C73F2}.Release|Any CPU.ActiveCfg = Release|Any CPU
		{3D872C41-E226-45C8-89C1-9D3DBD7C73F2}.Release|Any CPU.Build.0 = Release|Any CPU
		{827FCC18-A22B-4175-82CD-1233F6DEE8FB}.Debug|Any CPU.ActiveCfg = Debug|Any CPU
		{827FCC18-A22B-4175-82CD-1233F6DEE8FB}.Debug|Any CPU.Build.0 = Debug|Any CPU
		{827FCC18-A22B-4175-82CD-1233F6DEE8FB}.Release|Any CPU.ActiveCfg = Release|Any CPU
		{827FCC18-A22B-4175-82CD-1233F6DEE8FB}.Release|Any CPU.Build.0 = Release|Any CPU
		{D7E0F672-F5E2-4338-AFF4-4E5091C55A62}.Debug|Any CPU.ActiveCfg = Debug|Any CPU
		{D7E0F672-F5E2-4338-AFF4-4E5091C55A62}.Debug|Any CPU.Build.0 = Debug|Any CPU
		{D7E0F672-F5E2-4338-AFF4-4E5091C55A62}.Release|Any CPU.ActiveCfg = Release|Any CPU
		{D7E0F672-F5E2-4338-AFF4-4E5091C55A62}.Release|Any CPU.Build.0 = Release|Any CPU
		{299BE52E-823F-408E-9C6D-7E2F81BA34FF}.Debug|Any CPU.ActiveCfg = Debug|Any CPU
		{299BE52E-823F-408E-9C6D-7E2F81BA34FF}.Debug|Any CPU.Build.0 = Debug|Any CPU
		{299BE52E-823F-408E-9C6D-7E2F81BA34FF}.Release|Any CPU.ActiveCfg = Release|Any CPU
		{299BE52E-823F-408E-9C6D-7E2F81BA34FF}.Release|Any CPU.Build.0 = Release|Any CPU
		{F0EE5760-262D-456A-AA7C-E84F484A05F6}.Debug|Any CPU.ActiveCfg = Debug|Any CPU
		{F0EE5760-262D-456A-AA7C-E84F484A05F6}.Debug|Any CPU.Build.0 = Debug|Any CPU
		{F0EE5760-262D-456A-AA7C-E84F484A05F6}.Release|Any CPU.ActiveCfg = Release|Any CPU
		{F0EE5760-262D-456A-AA7C-E84F484A05F6}.Release|Any CPU.Build.0 = Release|Any CPU
		{FEA752A1-5B4E-49E9-B1F3-DDC25E41BB52}.Debug|Any CPU.ActiveCfg = Debug|Any CPU
		{FEA752A1-5B4E-49E9-B1F3-DDC25E41BB52}.Debug|Any CPU.Build.0 = Debug|Any CPU
		{FEA752A1-5B4E-49E9-B1F3-DDC25E41BB52}.Release|Any CPU.ActiveCfg = Release|Any CPU
		{FEA752A1-5B4E-49E9-B1F3-DDC25E41BB52}.Release|Any CPU.Build.0 = Release|Any CPU
		{48D11AAB-AD26-46F9-BD34-0EE64B8F2FDB}.Debug|Any CPU.ActiveCfg = Debug|Any CPU
		{48D11AAB-AD26-46F9-BD34-0EE64B8F2FDB}.Debug|Any CPU.Build.0 = Debug|Any CPU
		{48D11AAB-AD26-46F9-BD34-0EE64B8F2FDB}.Release|Any CPU.ActiveCfg = Release|Any CPU
		{48D11AAB-AD26-46F9-BD34-0EE64B8F2FDB}.Release|Any CPU.Build.0 = Release|Any CPU
		{0572AF8C-727D-468A-8ECD-6CA53924CD29}.Debug|Any CPU.ActiveCfg = Debug|Any CPU
		{0572AF8C-727D-468A-8ECD-6CA53924CD29}.Debug|Any CPU.Build.0 = Debug|Any CPU
		{0572AF8C-727D-468A-8ECD-6CA53924CD29}.Release|Any CPU.ActiveCfg = Release|Any CPU
		{0572AF8C-727D-468A-8ECD-6CA53924CD29}.Release|Any CPU.Build.0 = Release|Any CPU
		{AEEE63A0-AC82-46AE-AE2D-261FFCF1507E}.Debug|Any CPU.ActiveCfg = Debug|Any CPU
		{AEEE63A0-AC82-46AE-AE2D-261FFCF1507E}.Debug|Any CPU.Build.0 = Debug|Any CPU
		{AEEE63A0-AC82-46AE-AE2D-261FFCF1507E}.Release|Any CPU.ActiveCfg = Release|Any CPU
		{AEEE63A0-AC82-46AE-AE2D-261FFCF1507E}.Release|Any CPU.Build.0 = Release|Any CPU
		{23F1DA64-70C6-4C3C-AC5A-B5189160FAAC}.Debug|Any CPU.ActiveCfg = Debug|Any CPU
		{23F1DA64-70C6-4C3C-AC5A-B5189160FAAC}.Debug|Any CPU.Build.0 = Debug|Any CPU
		{23F1DA64-70C6-4C3C-AC5A-B5189160FAAC}.Release|Any CPU.ActiveCfg = Release|Any CPU
		{23F1DA64-70C6-4C3C-AC5A-B5189160FAAC}.Release|Any CPU.Build.0 = Release|Any CPU
	EndGlobalSection
	GlobalSection(SolutionProperties) = preSolution
		HideSolutionNode = FALSE
	EndGlobalSection
	GlobalSection(NestedProjects) = preSolution
		{BD65D04F-08D5-40C1-8C24-77CA0BACB877} = {649A3FFA-182F-4E56-9717-E6A9A2BEC545}
		{78040F9E-3501-4A40-82DF-00A597710F35} = {649A3FFA-182F-4E56-9717-E6A9A2BEC545}
		{077AA5F8-8B61-420C-A6B5-0150A66FDB34} = {649A3FFA-182F-4E56-9717-E6A9A2BEC545}
		{36E2735F-CEAB-44C8-A6D1-2CDAFF399751} = {649A3FFA-182F-4E56-9717-E6A9A2BEC545}
		{37B135B0-DAFE-4616-B25C-1BDF32FC44A2} = {E400416D-2895-4512-9D17-90681EEC7E0A}
		{3B7B6317-1B85-4164-8E11-75574F80AE17} = {649A3FFA-182F-4E56-9717-E6A9A2BEC545}
		{73513786-B6C6-4A21-89C5-0FBDD0A46107} = {E400416D-2895-4512-9D17-90681EEC7E0A}
		{690203F4-3CD5-4569-88D9-EE831EEA5F5F} = {E400416D-2895-4512-9D17-90681EEC7E0A}
		{F6AC8D4A-EDD7-4514-8E8A-5BCB019864DB} = {E400416D-2895-4512-9D17-90681EEC7E0A}
		{3D872C41-E226-45C8-89C1-9D3DBD7C73F2} = {E400416D-2895-4512-9D17-90681EEC7E0A}
		{827FCC18-A22B-4175-82CD-1233F6DEE8FB} = {649A3FFA-182F-4E56-9717-E6A9A2BEC545}
		{D7E0F672-F5E2-4338-AFF4-4E5091C55A62} = {E400416D-2895-4512-9D17-90681EEC7E0A}
		{299BE52E-823F-408E-9C6D-7E2F81BA34FF} = {649A3FFA-182F-4E56-9717-E6A9A2BEC545}
		{F0EE5760-262D-456A-AA7C-E84F484A05F6} = {649A3FFA-182F-4E56-9717-E6A9A2BEC545}
		{FEA752A1-5B4E-49E9-B1F3-DDC25E41BB52} = {E400416D-2895-4512-9D17-90681EEC7E0A}
		{48D11AAB-AD26-46F9-BD34-0EE64B8F2FDB} = {CCD2960C-23CC-4AB4-B84D-60C7AAA52F4D}
		{0572AF8C-727D-468A-8ECD-6CA53924CD29} = {CCD2960C-23CC-4AB4-B84D-60C7AAA52F4D}
		{AEEE63A0-AC82-46AE-AE2D-261FFCF1507E} = {CCD2960C-23CC-4AB4-B84D-60C7AAA52F4D}
		{23F1DA64-70C6-4C3C-AC5A-B5189160FAAC} = {E400416D-2895-4512-9D17-90681EEC7E0A}
	EndGlobalSection
	GlobalSection(ExtensibilityGlobals) = postSolution
		SolutionGuid = {BB9B78FB-4F30-1794-15F4-D615ADA46FCA}
	EndGlobalSection
EndGlobal
