{
  "name": "my-app",
  "version": "1.0.0",
  "lockfileVersion": 3,
  "requires": true,
  "packages": {
    "": {
      "name": "my-app",
      "version": "1.0.0",
      "dependencies": {
        "@abp/aspnetcore.mvc.ui.theme.basic": "^8.2.0-rc.2",
        "@abp/jstree": "^8.2.0-rc.2"
      }
    },
    "node_modules/@abp/aspnetcore.mvc.ui": {
      "version": "8.2.0-rc.2",
      "resolved": "https://registry.npmmirror.com/@abp/aspnetcore.mvc.ui/-/aspnetcore.mvc.ui-8.2.0-rc.2.tgz",
      "integrity": "sha512-ReyI7DUWniX45LynFPFN4wFokABPvQa7jfYn575MPs3Tqlxp+pv//M+3SUYzwBlKvOX1n43qNZzyloGWvEq23Q==",
      "dependencies": {
        "ansi-colors": "^4.1.1"
      }
    },
    "node_modules/@abp/aspnetcore.mvc.ui.theme.basic": {
      "version": "8.2.0-rc.2",
      "resolved": "https://registry.npmmirror.com/@abp/aspnetcore.mvc.ui.theme.basic/-/aspnetcore.mvc.ui.theme.basic-8.2.0-rc.2.tgz",
      "integrity": "sha512-138jjpCa1ZWqCGK8FLo4+hjkheDp3JWLjlLvZ262DdkikMhq6ucrqznA+Qst/gpS+TBJTmKfZqoFEaIzX1XSSw==",
      "dependencies": {
        "@abp/aspnetcore.mvc.ui.theme.shared": "~8.2.0-rc.2"
      }
    },
    "node_modules/@abp/aspnetcore.mvc.ui.theme.shared": {
      "version": "8.2.0-rc.2",
      "resolved": "https://registry.npmmirror.com/@abp/aspnetcore.mvc.ui.theme.shared/-/aspnetcore.mvc.ui.theme.shared-8.2.0-rc.2.tgz",
      "integrity": "sha512-XTsRHNPxIrPdMCZJp3mYxvMbSBqWrNJE9GJrWyD55DTpYzXCucW9bWDENjs8UychBViNXWqaKTLTTNmDJDACcg==",
      "dependencies": {
        "@abp/aspnetcore.mvc.ui": "~8.2.0-rc.2",
        "@abp/bootstrap": "~8.2.0-rc.2",
        "@abp/bootstrap-datepicker": "~8.2.0-rc.2",
        "@abp/bootstrap-daterangepicker": "~8.2.0-rc.2",
        "@abp/datatables.net-bs5": "~8.2.0-rc.2",
        "@abp/font-awesome": "~8.2.0-rc.2",
        "@abp/jquery-form": "~8.2.0-rc.2",
        "@abp/jquery-validation-unobtrusive": "~8.2.0-rc.2",
        "@abp/lodash": "~8.2.0-rc.2",
        "@abp/luxon": "~8.2.0-rc.2",
        "@abp/malihu-custom-scrollbar-plugin": "~8.2.0-rc.2",
        "@abp/moment": "~8.2.0-rc.2",
        "@abp/select2": "~8.2.0-rc.2",
        "@abp/sweetalert2": "~8.2.0-rc.2",
        "@abp/timeago": "~8.2.0-rc.2",
        "@abp/toastr": "~8.2.0-rc.2"
      }
    },
    "node_modules/@abp/bootstrap": {
      "version": "8.2.0-rc.2",
      "resolved": "https://registry.npmmirror.com/@abp/bootstrap/-/bootstrap-8.2.0-rc.2.tgz",
      "integrity": "sha512-p57JSxPoi/KnABulBL95f95Zu4W0Ko+Mxr9jSJo/YV290X3BQT7rqD9bX3LbFl16LJFQwkjX0JGxIO4F+O9w3g==",
      "dependencies": {
        "@abp/core": "~8.2.0-rc.2",
        "bootstrap": "^5.1.3"
      }
    },
    "node_modules/@abp/bootstrap-datepicker": {
      "version": "8.2.0-rc.2",
      "resolved": "https://registry.npmmirror.com/@abp/bootstrap-datepicker/-/bootstrap-datepicker-8.2.0-rc.2.tgz",
      "integrity": "sha512-T7mu3k9JoxBUeAQABrxKGxHgd29HMqxZiWteCZOgSYLTGnNDAsD0vPbLTxPMWX/nH8U/sGDH2Esh9OpzJwpuzw==",
      "dependencies": {
        "bootstrap-datepicker": "^1.9.0"
      }
    },
    "node_modules/@abp/bootstrap-daterangepicker": {
      "version": "8.2.0-rc.2",
      "resolved": "https://registry.npmmirror.com/@abp/bootstrap-daterangepicker/-/bootstrap-daterangepicker-8.2.0-rc.2.tgz",
      "integrity": "sha512-z3ejN8ank1PeOwzA1MkuFXVuUhZjJO1KATitaQShLMOW/yZITo4L1CXiftMrfavZ4tVHq6roqdO4xLGvYeE1Xg==",
      "dependencies": {
        "bootstrap-daterangepicker": "^3.1.0"
      }
    },
    "node_modules/@abp/core": {
      "version": "8.2.0-rc.2",
      "resolved": "https://registry.npmmirror.com/@abp/core/-/core-8.2.0-rc.2.tgz",
      "integrity": "sha512-5NgNULv98K1fRODmmvjUwaihgmOn1wmSpHcicofn9BG1CJBNCb7NxMsb1X/vFUoX1p8EoajjUcLgRjUItrV6Ag==",
      "dependencies": {
        "@abp/utils": "~8.2.0-rc.2"
      }
    },
    "node_modules/@abp/datatables.net": {
      "version": "8.2.0-rc.2",
      "resolved": "https://registry.npmmirror.com/@abp/datatables.net/-/datatables.net-8.2.0-rc.2.tgz",
      "integrity": "sha512-Stw4XQqSvW4mCG2y0470ZUXRwoPCrQKUS49UCEwy5h12qv2IEuXJbE+9rd0R5pzlvlB2wgKz29dUOyir1hFmVw==",
      "dependencies": {
        "@abp/jquery": "~8.2.0-rc.2",
        "datatables.net": "^1.11.4"
      }
    },
    "node_modules/@abp/datatables.net-bs5": {
      "version": "8.2.0-rc.2",
      "resolved": "https://registry.npmmirror.com/@abp/datatables.net-bs5/-/datatables.net-bs5-8.2.0-rc.2.tgz",
      "integrity": "sha512-ydaMggwfhSbreBhq8mi21ooIl6hDDWSG72u2v9eTm54DyVDLNYFks1nXAV0DardD/1L+4fNArPloTRbBetwOhQ==",
      "dependencies": {
        "@abp/datatables.net": "~8.2.0-rc.2",
        "datatables.net-bs5": "^1.11.4"
      }
    },
    "node_modules/@abp/font-awesome": {
      "version": "8.2.0-rc.2",
      "resolved": "https://registry.npmmirror.com/@abp/font-awesome/-/font-awesome-8.2.0-rc.2.tgz",
      "integrity": "sha512-m+lOtgVospcfYJaB9c4llRJk6UZw2BBi0NZSegU62MXISNCVLB8HxR7X4I6BFcxkqWk2fI1hhUcKjnJg+TI8rQ==",
      "dependencies": {
        "@abp/core": "~8.2.0-rc.2",
        "@fortawesome/fontawesome-free": "^6.5.1"
      }
    },
    "node_modules/@abp/jquery": {
      "version": "8.2.0-rc.2",
      "resolved": "https://registry.npmmirror.com/@abp/jquery/-/jquery-8.2.0-rc.2.tgz",
      "integrity": "sha512-yeVCQRv8E5vznbT4Nzev2F77GymdNETkUiXTETgOIm8+ysJJYTx0gtqvuwyd0KQTAFnIqT3d0ZK9fA/gbdUMVA==",
      "dependencies": {
        "@abp/core": "~8.2.0-rc.2",
        "jquery": "~3.6.0"
      }
    },
    "node_modules/@abp/jquery-form": {
      "version": "8.2.0-rc.2",
      "resolved": "https://registry.npmmirror.com/@abp/jquery-form/-/jquery-form-8.2.0-rc.2.tgz",
      "integrity": "sha512-Bk8Zwoyn4BKQw5bRNv6G89KeEMD01fbt0eR2/aGxJdzFhkQ3vb/1TDHqzwsPf/qt0xGVOrTqTNTvU2YaSvZqBA==",
      "dependencies": {
        "@abp/jquery": "~8.2.0-rc.2",
        "jquery-form": "^4.3.0"
      }
    },
    "node_modules/@abp/jquery-validation": {
      "version": "8.2.0-rc.2",
      "resolved": "https://registry.npmmirror.com/@abp/jquery-validation/-/jquery-validation-8.2.0-rc.2.tgz",
      "integrity": "sha512-BFDB3k1s9di958ZZ6x/djIFhC7NE3SHOX8xB/NW345Cn2fjI+Fmg7IsvX6gL2B6WkjoFGduYxgw8LG7i7gIlfw==",
      "dependencies": {
        "@abp/jquery": "~8.2.0-rc.2",
        "jquery-validation": "^1.19.3"
      }
    },
    "node_modules/@abp/jquery-validation-unobtrusive": {
      "version": "8.2.0-rc.2",
      "resolved": "https://registry.npmmirror.com/@abp/jquery-validation-unobtrusive/-/jquery-validation-unobtrusive-8.2.0-rc.2.tgz",
      "integrity": "sha512-IFVhN3TS7Lcq0BAe8BZNd+LiL+UIfSSFlsqy36/Cu1LbtQtMBH8mMkWPi4SAj/sou0BMR3e6eLebcUK1qSu9MA==",
      "dependencies": {
        "@abp/jquery-validation": "~8.2.0-rc.2",
        "jquery-validation-unobtrusive": "^3.2.12"
      }
    },
    "node_modules/@abp/jstree": {
      "version": "8.2.0-rc.2",
      "resolved": "https://registry.npmmirror.com/@abp/jstree/-/jstree-8.2.0-rc.2.tgz",
      "integrity": "sha512-AXWS9o3GinOdq6VDq8PsuHzVZ1Ru4gPh4Y11X6Lo/WMHev0PLZ3hJ173JySbTToFBXdyVtQC4bIg95hqLFuaNw==",
      "dependencies": {
        "@abp/jquery": "~8.2.0-rc.2",
        "jstree": "^3.3.12"
      }
    },
    "node_modules/@abp/lodash": {
      "version": "8.2.0-rc.2",
      "resolved": "https://registry.npmmirror.com/@abp/lodash/-/lodash-8.2.0-rc.2.tgz",
      "integrity": "sha512-DgE6117E+Bwc4thEXgJ5WxGJrS7VronjfBmkOn/CXa8PIqhKBw2iAD9LvP45yjN5uWAaUKpEqG3WnGgCK1fsig==",
      "dependencies": {
        "@abp/core": "~8.2.0-rc.2",
        "lodash": "^4.17.21"
      }
    },
    "node_modules/@abp/luxon": {
      "version": "8.2.0-rc.2",
      "resolved": "https://registry.npmmirror.com/@abp/luxon/-/luxon-8.2.0-rc.2.tgz",
      "integrity": "sha512-+f1HKJH7dfD86xs+c1sYVFZRIQSXdm30UaIMB0fy0lQ9CWthQvNQgxbL5CQTepc4HQvRvHhAdsS+i9cbHX50VQ==",
      "dependencies": {
        "@abp/core": "~8.2.0-rc.2",
        "luxon": "^2.3.0"
      }
    },
    "node_modules/@abp/malihu-custom-scrollbar-plugin": {
      "version": "8.2.0-rc.2",
      "resolved": "https://registry.npmmirror.com/@abp/malihu-custom-scrollbar-plugin/-/malihu-custom-scrollbar-plugin-8.2.0-rc.2.tgz",
      "integrity": "sha512-bEB8iH+8+u1K6R7qmK19q+rLSr5oT3T8/VJeyeyliTPV19bnYFcTTD8kWMc9Q3LUlO0xAlY+86Igc9hEuAvV8g==",
      "dependencies": {
        "@abp/core": "~8.2.0-rc.2",
        "malihu-custom-scrollbar-plugin": "^3.1.5"
      }
    },
    "node_modules/@abp/moment": {
      "version": "8.2.0-rc.2",
      "resolved": "https://registry.npmmirror.com/@abp/moment/-/moment-8.2.0-rc.2.tgz",
      "integrity": "sha512-IVy9mR2y8Mc7IFn5a8fV94NgMUBB1gWhsl32ojcvb9IA5mOJCFwAFVQcf9EdjgizotjpdfMZhVYBkJVljuSFew==",
      "dependencies": {
        "moment": "^2.9.0"
      }
    },
    "node_modules/@abp/select2": {
      "version": "8.2.0-rc.2",
      "resolved": "https://registry.npmmirror.com/@abp/select2/-/select2-8.2.0-rc.2.tgz",
      "integrity": "sha512-y/RRI4mfFD6WsKldsEIyFQHPiqtYSHu7ZNbmSALPa7j9FPIN1gXUHBREhp7nSFMF5psFSIwEgjkuZUCma4G62g==",
      "dependencies": {
        "@abp/core": "~8.2.0-rc.2",
        "select2": "^4.0.13"
      }
    },
    "node_modules/@abp/sweetalert2": {
      "version": "8.2.0-rc.2",
      "resolved": "https://registry.npmmirror.com/@abp/sweetalert2/-/sweetalert2-8.2.0-rc.2.tgz",
      "integrity": "sha512-boC1wvaGyf2STRsUk4Bw1k3bwM432KWMHcwrU6TlmZ+USEpomclJ8401hxaLAcpWGlCQ0Edx3+bKDZsmDmrxQw==",
      "dependencies": {
        "@abp/core": "~8.2.0-rc.2",
        "sweetalert2": "^11.3.6"
      }
    },
    "node_modules/@abp/timeago": {
      "version": "8.2.0-rc.2",
      "resolved": "https://registry.npmmirror.com/@abp/timeago/-/timeago-8.2.0-rc.2.tgz",
      "integrity": "sha512-S6jjnMTmnRBLQCjygHsFNeot7a3n3IBxJ3/epcQ9l/CNy5zdB9D37Sdmgu/1eLe2UzLjFusnB2iD7SRoIh2N2Q==",
      "dependencies": {
        "@abp/jquery": "~8.2.0-rc.2",
        "timeago": "^1.6.7"
      }
    },
    "node_modules/@abp/toastr": {
      "version": "8.2.0-rc.2",
      "resolved": "https://registry.npmmirror.com/@abp/toastr/-/toastr-8.2.0-rc.2.tgz",
      "integrity": "sha512-1xoL+Bx8yoBzUuuV+HJZo0FJNZW2p9Dkw8z6JND3bI77ZyWEi1flBDn+tyd9mnEhlioR4FYiNjT090vUTyhFlA==",
      "dependencies": {
        "@abp/jquery": "~8.2.0-rc.2",
        "toastr": "^2.1.4"
      }
    },
    "node_modules/@abp/utils": {
      "version": "8.2.0-rc.2",
      "resolved": "https://registry.npmmirror.com/@abp/utils/-/utils-8.2.0-rc.2.tgz",
      "integrity": "sha512-GprOEn5m/5MoSpq3lIm0w0Q5jwc71HIh3NXkhs4Pf4OLG2KdLXHPvy9xaG+ZVV7tG+brAZ+p1M35KHO+Bk3otA==",
      "dependencies": {
        "just-compare": "^2.3.0"
      }
    },
    "node_modules/@fortawesome/fontawesome-free": {
      "version": "6.5.2",
      "resolved": "https://registry.npmmirror.com/@fortawesome/fontawesome-free/-/fontawesome-free-6.5.2.tgz",
      "integrity": "sha512-hRILoInAx8GNT5IMkrtIt9blOdrqHOnPBH+k70aWUAqPZPgopb9G5EQJFpaBx/S8zp2fC+mPW349Bziuk1o28Q==",
      "hasInstallScript": true,
      "engines": {
        "node": ">=6"
      }
    },
    "node_modules/@popperjs/core": {
      "version": "2.11.8",
      "resolved": "https://registry.npmmirror.com/@popperjs/core/-/core-2.11.8.tgz",
      "integrity": "sha512-P1st0aksCrn9sGZhp8GMYwBnQsbvAWsZAX44oXNNvLHGqAOcoVxmjZiohstwQ7SqKnbR47akdNi+uleWD8+g6A==",
      "peer": true
    },
    "node_modules/ansi-colors": {
      "version": "4.1.3",
      "resolved": "https://registry.npmmirror.com/ansi-colors/-/ansi-colors-4.1.3.tgz",
      "integrity": "sha512-/6w/C21Pm1A7aZitlI5Ni/2J6FFQN8i1Cvz3kHABAAbw93v/NlvKdVOqz7CCWz/3iv/JplRSEEZ83XION15ovw==",
      "engines": {
        "node": ">=6"
      }
    },
    "node_modules/bootstrap": {
      "version": "5.3.3",
      "resolved": "https://registry.npmmirror.com/bootstrap/-/bootstrap-5.3.3.tgz",
      "integrity": "sha512-8HLCdWgyoMguSO9o+aH+iuZ+aht+mzW0u3HIMzVu7Srrpv7EBBxTnrFlSCskwdY1+EOFQSm7uMJhNQHkdPcmjg==",
      "peerDependencies": {
        "@popperjs/core": "^2.11.8"
      }
    },
    "node_modules/bootstrap-datepicker": {
      "version": "1.10.0",
      "resolved": "https://registry.npmmirror.com/bootstrap-datepicker/-/bootstrap-datepicker-1.10.0.tgz",
      "integrity": "sha512-lWxtSYddAQOpbAO8UhYhHLcK6425eWoSjb5JDvZU3ePHEPF6A3eUr51WKaFy4PccU19JRxUG6wEU3KdhtKfvpg==",
      "dependencies": {
        "jquery": ">=3.4.0 <4.0.0"
      }
    },
    "node_modules/bootstrap-daterangepicker": {
      "version": "3.1.0",
      "resolved": "https://registry.npmmirror.com/bootstrap-daterangepicker/-/bootstrap-daterangepicker-3.1.0.tgz",
      "integrity": "sha512-oaQZx6ZBDo/dZNyXGVi2rx5GmFXThyQLAxdtIqjtLlYVaQUfQALl5JZMJJZzyDIX7blfy4ppZPAJ10g8Ma4d/g==",
      "dependencies": {
        "jquery": ">=1.10",
        "moment": "^2.9.0"
      }
    },
    "node_modules/datatables.net": {
      "version": "1.13.11",
      "resolved": "https://registry.npmmirror.com/datatables.net/-/datatables.net-1.13.11.tgz",
      "integrity": "sha512-AE6RkMXziRaqzPcu/pl3SJXeRa6fmXQG/fVjuRESujvkzqDCYEeKTTpPMuVJSGYJpPi32WGSphVNNY1G4nSN/g==",
      "dependencies": {
        "jquery": "1.8 - 4"
      }
    },
    "node_modules/datatables.net-bs5": {
      "version": "1.13.11",
      "resolved": "https://registry.npmmirror.com/datatables.net-bs5/-/datatables.net-bs5-1.13.11.tgz",
      "integrity": "sha512-NQO15TjXo4xvZ0jReC4Uf86ezbQzPQPdaN2YncrCPhzQ6fx+2WD7DUq4ur0HbAcYHo94/M+MtD5Ch29To7Rj3Q==",
      "dependencies": {
        "datatables.net": "1.13.11",
        "jquery": "1.8 - 4"
      }
    },
    "node_modules/jquery": {
      "version": "3.6.4",
      "resolved": "https://registry.npmmirror.com/jquery/-/jquery-3.6.4.tgz",
      "integrity": "sha512-v28EW9DWDFpzcD9O5iyJXg3R3+q+mET5JhnjJzQUZMHOv67bpSIHq81GEYpPNZHG+XXHsfSme3nxp/hndKEcsQ=="
    },
    "node_modules/jquery-form": {
      "version": "4.3.0",
      "resolved": "https://registry.npmmirror.com/jquery-form/-/jquery-form-4.3.0.tgz",
      "integrity": "sha512-q3uaVCEWdLOYUCI6dpNdwf/7cJFOsUgdpq6r0taxtGQ5NJSkOzofyWm4jpOuJ5YxdmL1FI5QR+q+HB63HHLGnQ==",
      "dependencies": {
        "jquery": ">=1.7.2"
      }
    },
    "node_modules/jquery-mousewheel": {
      "version": "3.1.13",
      "resolved": "https://registry.npmmirror.com/jquery-mousewheel/-/jquery-mousewheel-3.1.13.tgz",
      "integrity": "sha512-GXhSjfOPyDemM005YCEHvzrEALhKDIswtxSHSR2e4K/suHVJKJxxRCGz3skPjNxjJjQa9AVSGGlYjv1M3VLIPg=="
    },
    "node_modules/jquery-validation": {
      "version": "1.20.0",
      "resolved": "https://registry.npmmirror.com/jquery-validation/-/jquery-validation-1.20.0.tgz",
      "integrity": "sha512-c8tg4ltIIP6L7l0bZ79sRzOJYquyjS48kQZ6iv8MJ2r0OYztxtkWYKTReZyU2/zVFYiINB29i0Z/IRNNuJQN1g==",
      "peerDependencies": {
        "jquery": "^1.7 || ^2.0 || ^3.1"
      }
    },
    "node_modules/jquery-validation-unobtrusive": {
      "version": "3.2.12",
      "resolved": "https://registry.npmmirror.com/jquery-validation-unobtrusive/-/jquery-validation-unobtrusive-3.2.12.tgz",
      "integrity": "sha512-kPixGhVcuat7vZXngGFfSIksy4VlzZcHyRgnBIZdsfVneCU+D5sITC8T8dD/9c9K/Q+qkMlgp7ufJHz93nKSuQ==",
      "dependencies": {
        "jquery": "^3.5.1",
        "jquery-validation": ">=1.16"
      }
    },
    "node_modules/jstree": {
      "version": "3.3.16",
      "resolved": "https://registry.npmmirror.com/jstree/-/jstree-3.3.16.tgz",
      "integrity": "sha512-yeeIJffi2WAqyMeHufXj/Ozy7GqgKdDkxfN8L8lwbG0h1cw/TgDafWmyhroH4AKgDSk9yW1W6jiJZu4zXAqzXw==",
      "dependencies": {
        "jquery": "^3.5.0"
      }
    },
    "node_modules/just-compare": {
      "version": "2.3.0",
      "resolved": "https://registry.npmmirror.com/just-compare/-/just-compare-2.3.0.tgz",
      "integrity": "sha512-6shoR7HDT+fzfL3gBahx1jZG3hWLrhPAf+l7nCwahDdT9XDtosB9kIF0ZrzUp5QY8dJWfQVr5rnsPqsbvflDzg=="
    },
    "node_modules/lodash": {
      "version": "4.17.21",
      "resolved": "https://registry.npmmirror.com/lodash/-/lodash-4.17.21.tgz",
      "integrity": "sha512-v2kDEe57lecTulaDIuNTPy3Ry4gLGJ6Z1O3vE1krgXZNrsQ+LFTGHVxVjcXPs17LhbZVGedAJv8XZ1tvj5FvSg=="
    },
    "node_modules/luxon": {
      "version": "2.5.2",
      "resolved": "https://registry.npmmirror.com/luxon/-/luxon-2.5.2.tgz",
      "integrity": "sha512-Yg7/RDp4nedqmLgyH0LwgGRvMEKVzKbUdkBYyCosbHgJ+kaOUx0qzSiSatVc3DFygnirTPYnMM2P5dg2uH1WvA==",
      "engines": {
        "node": ">=12"
      }
    },
    "node_modules/malihu-custom-scrollbar-plugin": {
      "version": "3.1.5",
      "resolved": "https://registry.npmmirror.com/malihu-custom-scrollbar-plugin/-/malihu-custom-scrollbar-plugin-3.1.5.tgz",
      "integrity": "sha512-lwW3LgI+CNDMPnP4ED2la6oYxWMkCXlnhex+s2wuOLhFDFGnGmQuTQVdRK9bvDLpxs10sGlfErVufJy9ztfgJQ==",
      "dependencies": {
        "jquery-mousewheel": ">=3.0.6"
      }
    },
    "node_modules/moment": {
      "version": "2.30.1",
      "resolved": "https://registry.npmmirror.com/moment/-/moment-2.30.1.tgz",
      "integrity": "sha512-uEmtNhbDOrWPFS+hdjFCBfy9f2YoyzRpwcl+DqpC6taX21FzsTLQVbMV/W7PzNSX6x/bhC1zA3c2UQ5NzH6how==",
      "engines": {
        "node": "*"
      }
    },
    "node_modules/select2": {
      "version": "4.0.13",
      "resolved": "https://registry.npmmirror.com/select2/-/select2-4.0.13.tgz",
      "integrity": "sha512-1JeB87s6oN/TDxQQYCvS5EFoQyvV6eYMZZ0AeA4tdFDYWN3BAGZ8npr17UBFddU0lgAt3H0yjX3X6/ekOj1yjw=="
    },
    "node_modules/sweetalert2": {
      "version": "11.11.0",
      "resolved": "https://registry.npmmirror.com/sweetalert2/-/sweetalert2-11.11.0.tgz",
      "integrity": "sha512-wKCTtoE6lQVDKaJ5FFq+znk/YykJmJlD8RnLZps8C7DyivctCoRlVeeOwnKfgwKS+QJYon7s++3dmNi3/am1tw=="
    },
    "node_modules/timeago": {
      "version": "1.6.7",
      "resolved": "https://registry.npmmirror.com/timeago/-/timeago-1.6.7.tgz",
      "integrity": "sha512-FikcjN98+ij0siKH4VO4dZ358PR3oDDq4Vdl1+sN9gWz1/+JXGr3uZbUShYH/hL7bMhcTpPbplJU5Tej4b4jbQ==",
      "dependencies": {
        "jquery": ">=1.5.0 <4.0"
      }
    },
    "node_modules/toastr": {
      "version": "2.1.4",
      "resolved": "https://registry.npmmirror.com/toastr/-/toastr-2.1.4.tgz",
      "integrity": "sha512-LIy77F5n+sz4tefMmFOntcJ6HL0Fv3k1TDnNmFZ0bU/GcvIIfy6eG2v7zQmMiYgaalAiUv75ttFrPn5s0gyqlA==",
      "dependencies": {
        "jquery": ">=1.12.0"
      }
    }
  }
}
